
Microsoft Visual Studio Solution File, Format Version 12.00
# Visual Studio Version 17
VisualStudioVersion = 17.3.32901.215
MinimumVisualStudioVersion = 10.0.40219.1
Project("{8BC9CEB8-8B4A-11D0-8D11-00A0C91BC942}") = "templates75", "templates75\templates75.vcxproj", "{327817EB-6D9F-4422-A365-F6425DBF7C10}"
EndProject
Global
	GlobalSection(SolutionConfigurationPlatforms) = preSolution
		Debug|x64 = Debug|x64
		Debug|x86 = Debug|x86
		Release|x64 = Release|x64
		Release|x86 = Release|x86
	EndGlobalSection
	GlobalSection(ProjectConfigurationPlatforms) = postSolution
		{327817EB-6D9F-4422-A365-F6425DBF7C10}.Debug|x64.ActiveCfg = Debug|x64
		{327817EB-6D9F-4422-A365-F6425DBF7C10}.Debug|x64.Build.0 = Debug|x64
		{327817EB-6D9F-4422-A365-F6425DBF7C10}.Debug|x86.ActiveCfg = Debug|Win32
		{327817EB-6D9F-4422-A365-F6425DBF7C10}.Debug|x86.Build.0 = Debug|Win32
		{327817EB-6D9F-4422-A365-F6425DBF7C10}.Release|x64.ActiveCfg = Release|x64
		{327817EB-6D9F-4422-A365-F6425DBF7C10}.Release|x64.Build.0 = Release|x64
		{327817EB-6D9F-4422-A365-F6425DBF7C10}.Release|x86.ActiveCfg = Release|Win32
		{327817EB-6D9F-4422-A365-F6425DBF7C10}.Release|x86.Build.0 = Release|Win32
	EndGlobalSection
	GlobalSection(SolutionProperties) = preSolution
		HideSolutionNode = FALSE
	EndGlobalSection
	GlobalSection(ExtensibilityGlobals) = postSolution
		SolutionGuid = {BBFD07AA-5DF1-42BA-B32D-4DD3DC1EBE54}
	EndGlobalSection
EndGlobal
